
Microsoft Visual Studio Solution File, Format Version 12.00
# Visual Studio Version 16
VisualStudioVersion = 16.0.31613.86
MinimumVisualStudioVersion = 10.0.40219.1
Project("{FAE04EC0-301F-11D3-BF4B-00C04F79EFBC}") = "EManagersLib", "EManagersLib.csproj", "{FE9A8B10-0A95-422D-BB19-300A8E9D5631}"
EndProject
Project("{2150E333-8FDC-42A3-9474-1A3956D46DE8}") = "Solution Items", "Solution Items", "{94BAC621-716E-42A1-92FF-CE3511A21D2F}"
	ProjectSection(SolutionItems) = preProject
		.editorconfig = .editorconfig
	EndProjectSection
EndProject
Project("{FAE04EC0-301F-11D3-BF4B-00C04F79EFBC}") = "EManagersLib.API", "EManagersLib.API\EManagersLib.API.csproj", "{303AC92F-057F-494D-A1FD-40BA1A60A22B}"
EndProject
Global
	GlobalSection(SolutionConfigurationPlatforms) = preSolution
		Debug|Any CPU = Debug|Any CPU
		Release|Any CPU = Release|Any CPU
	EndGlobalSection
	GlobalSection(ProjectConfigurationPlatforms) = postSolution
		{FE9A8B10-0A95-422D-BB19-300A8E9D5631}.Debug|Any CPU.ActiveCfg = Debug|Any CPU
		{FE9A8B10-0A95-422D-BB19-300A8E9D5631}.Debug|Any CPU.Build.0 = Debug|Any CPU
		{FE9A8B10-0A95-422D-BB19-300A8E9D5631}.Release|Any CPU.ActiveCfg = Release|Any CPU
		{FE9A8B10-0A95-422D-BB19-300A8E9D5631}.Release|Any CPU.Build.0 = Release|Any CPU
		{303AC92F-057F-494D-A1FD-40BA1A60A22B}.Debug|Any CPU.ActiveCfg = Debug|Any CPU
		{303AC92F-057F-494D-A1FD-40BA1A60A22B}.Debug|Any CPU.Build.0 = Debug|Any CPU
		{303AC92F-057F-494D-A1FD-40BA1A60A22B}.Release|Any CPU.ActiveCfg = Release|Any CPU
		{303AC92F-057F-494D-A1FD-40BA1A60A22B}.Release|Any CPU.Build.0 = Release|Any CPU
	EndGlobalSection
	GlobalSection(SolutionProperties) = preSolution
		HideSolutionNode = FALSE
	EndGlobalSection
	GlobalSection(ExtensibilityGlobals) = postSolution
		SolutionGuid = {E20A6E2B-7292-4E60-BFCA-2CD0121B140C}
	EndGlobalSection
EndGlobal
